// !$*UTF8*$!
{
	archiveVersion = 1;
	classes = {
	};
	objectVersion = 46;
	objects = {

/* Begin PBXBuildFile section */
		CAB68AC11982B60600916EE2 /* Foundation.framework in Frameworks */ = {isa = PBXBuildFile; fileRef = CAB68AC01982B60600916EE2 /* Foundation.framework */; };
		CAB68AC31982B60600916EE2 /* CoreGraphics.framework in Frameworks */ = {isa = PBXBuildFile; fileRef = CAB68AC21982B60600916EE2 /* CoreGraphics.framework */; };
		CAB68AC51982B60600916EE2 /* UIKit.framework in Frameworks */ = {isa = PBXBuildFile; fileRef = CAB68AC41982B60600916EE2 /* UIKit.framework */; };
		CAB68ACB1982B60600916EE2 /* InfoPlist.strings in Resources */ = {isa = PBXBuildFile; fileRef = CAB68AC91982B60600916EE2 /* InfoPlist.strings */; };
		CAB68ACD1982B60600916EE2 /* main.m in Sources */ = {isa = PBXBuildFile; fileRef = CAB68ACC1982B60600916EE2 /* main.m */; };
		CAB68AD11982B60600916EE2 /* RCSAppDelegate.m in Sources */ = {isa = PBXBuildFile; fileRef = CAB68AD01982B60600916EE2 /* RCSAppDelegate.m */; };
		CAB68AD41982B60600916EE2 /* Main.storyboard in Resources */ = {isa = PBXBuildFile; fileRef = CAB68AD21982B60600916EE2 /* Main.storyboard */; };
		CAB68AD71982B60600916EE2 /* RCSViewController.m in Sources */ = {isa = PBXBuildFile; fileRef = CAB68AD61982B60600916EE2 /* RCSViewController.m */; };
		CAB68AD91982B60600916EE2 /* Images.xcassets in Resources */ = {isa = PBXBuildFile; fileRef = CAB68AD81982B60600916EE2 /* Images.xcassets */; };
		CAB68AE01982B60600916EE2 /* XCTest.framework in Frameworks */ = {isa = PBXBuildFile; fileRef = CAB68ADF1982B60600916EE2 /* XCTest.framework */; };
		CAB68AE11982B60600916EE2 /* Foundation.framework in Frameworks */ = {isa = PBXBuildFile; fileRef = CAB68AC01982B60600916EE2 /* Foundation.framework */; };
		CAB68AE21982B60600916EE2 /* UIKit.framework in Frameworks */ = {isa = PBXBuildFile; fileRef = CAB68AC41982B60600916EE2 /* UIKit.framework */; };
		CAB68AEA1982B60600916EE2 /* InfoPlist.strings in Resources */ = {isa = PBXBuildFile; fileRef = CAB68AE81982B60600916EE2 /* InfoPlist.strings */; };
		CAB68AEC1982B60600916EE2 /* RACSupportExamplesTests.m in Sources */ = {isa = PBXBuildFile; fileRef = CAB68AEB1982B60600916EE2 /* RACSupportExamplesTests.m */; };
/* End PBXBuildFile section */

/* Begin PBXContainerItemProxy section */
		CAB68AE31982B60600916EE2 /* PBXContainerItemProxy */ = {
			isa = PBXContainerItemProxy;
			containerPortal = CAB68AB51982B60600916EE2 /* Project object */;
			proxyType = 1;
			remoteGlobalIDString = CAB68ABC1982B60600916EE2;
			remoteInfo = RACSupportExamples;
		};
/* End PBXContainerItemProxy section */

/* Begin PBXFileReference section */
		CAB68ABD1982B60600916EE2 /* RACSupportExamples.app */ = {isa = PBXFileReference; explicitFileType = wrapper.application; includeInIndex = 0; path = RACSupportExamples.app; sourceTree = BUILT_PRODUCTS_DIR; };
		CAB68AC01982B60600916EE2 /* Foundation.framework */ = {isa = PBXFileReference; lastKnownFileType = wrapper.framework; name = Foundation.framework; path = System/Library/Frameworks/Foundation.framework; sourceTree = SDKROOT; };
		CAB68AC21982B60600916EE2 /* CoreGraphics.framework */ = {isa = PBXFileReference; lastKnownFileType = wrapper.framework; name = CoreGraphics.framework; path = System/Library/Frameworks/CoreGraphics.framework; sourceTree = SDKROOT; };
		CAB68AC41982B60600916EE2 /* UIKit.framework */ = {isa = PBXFileReference; lastKnownFileType = wrapper.framework; name = UIKit.framework; path = System/Library/Frameworks/UIKit.framework; sourceTree = SDKROOT; };
		CAB68AC81982B60600916EE2 /* RACSupportExamples-Info.plist */ = {isa = PBXFileReference; lastKnownFileType = text.plist.xml; path = "RACSupportExamples-Info.plist"; sourceTree = "<group>"; };
		CAB68ACA1982B60600916EE2 /* en */ = {isa = PBXFileReference; lastKnownFileType = text.plist.strings; name = en; path = en.lproj/InfoPlist.strings; sourceTree = "<group>"; };
		CAB68ACC1982B60600916EE2 /* main.m */ = {isa = PBXFileReference; lastKnownFileType = sourcecode.c.objc; path = main.m; sourceTree = "<group>"; };
		CAB68ACE1982B60600916EE2 /* RACSupportExamples-Prefix.pch */ = {isa = PBXFileReference; lastKnownFileType = sourcecode.c.h; path = "RACSupportExamples-Prefix.pch"; sourceTree = "<group>"; };
		CAB68ACF1982B60600916EE2 /* RCSAppDelegate.h */ = {isa = PBXFileReference; lastKnownFileType = sourcecode.c.h; path = RCSAppDelegate.h; sourceTree = "<group>"; };
		CAB68AD01982B60600916EE2 /* RCSAppDelegate.m */ = {isa = PBXFileReference; lastKnownFileType = sourcecode.c.objc; path = RCSAppDelegate.m; sourceTree = "<group>"; };
		CAB68AD31982B60600916EE2 /* Base */ = {isa = PBXFileReference; lastKnownFileType = file.storyboard; name = Base; path = Base.lproj/Main.storyboard; sourceTree = "<group>"; };
		CAB68AD51982B60600916EE2 /* RCSViewController.h */ = {isa = PBXFileReference; lastKnownFileType = sourcecode.c.h; path = RCSViewController.h; sourceTree = "<group>"; };
		CAB68AD61982B60600916EE2 /* RCSViewController.m */ = {isa = PBXFileReference; lastKnownFileType = sourcecode.c.objc; path = RCSViewController.m; sourceTree = "<group>"; };
		CAB68AD81982B60600916EE2 /* Images.xcassets */ = {isa = PBXFileReference; lastKnownFileType = folder.assetcatalog; path = Images.xcassets; sourceTree = "<group>"; };
		CAB68ADE1982B60600916EE2 /* RACSupportExamplesTests.xctest */ = {isa = PBXFileReference; explicitFileType = wrapper.cfbundle; includeInIndex = 0; path = RACSupportExamplesTests.xctest; sourceTree = BUILT_PRODUCTS_DIR; };
		CAB68ADF1982B60600916EE2 /* XCTest.framework */ = {isa = PBXFileReference; lastKnownFileType = wrapper.framework; name = XCTest.framework; path = Library/Frameworks/XCTest.framework; sourceTree = DEVELOPER_DIR; };
		CAB68AE71982B60600916EE2 /* RACSupportExamplesTests-Info.plist */ = {isa = PBXFileReference; lastKnownFileType = text.plist.xml; path = "RACSupportExamplesTests-Info.plist"; sourceTree = "<group>"; };
		CAB68AE91982B60600916EE2 /* en */ = {isa = PBXFileReference; lastKnownFileType = text.plist.strings; name = en; path = en.lproj/InfoPlist.strings; sourceTree = "<group>"; };
		CAB68AEB1982B60600916EE2 /* RACSupportExamplesTests.m */ = {isa = PBXFileReference; lastKnownFileType = sourcecode.c.objc; path = RACSupportExamplesTests.m; sourceTree = "<group>"; };
/* End PBXFileReference section */

/* Begin PBXFrameworksBuildPhase section */
		CAB68ABA1982B60600916EE2 /* Frameworks */ = {
			isa = PBXFrameworksBuildPhase;
			buildActionMask = 2147483647;
			files = (
				CAB68AC31982B60600916EE2 /* CoreGraphics.framework in Frameworks */,
				CAB68AC51982B60600916EE2 /* UIKit.framework in Frameworks */,
				CAB68AC11982B60600916EE2 /* Foundation.framework in Frameworks */,
			);
			runOnlyForDeploymentPostprocessing = 0;
		};
		CAB68ADB1982B60600916EE2 /* Frameworks */ = {
			isa = PBXFrameworksBuildPhase;
			buildActionMask = 2147483647;
			files = (
				CAB68AE01982B60600916EE2 /* XCTest.framework in Frameworks */,
				CAB68AE21982B60600916EE2 /* UIKit.framework in Frameworks */,
				CAB68AE11982B60600916EE2 /* Foundation.framework in Frameworks */,
			);
			runOnlyForDeploymentPostprocessing = 0;
		};
/* End PBXFrameworksBuildPhase section */

/* Begin PBXGroup section */
		CAB68AB41982B60600916EE2 = {
			isa = PBXGroup;
			children = (
				CAB68AC61982B60600916EE2 /* RACSupportExamples */,
				CAB68AE51982B60600916EE2 /* RACSupportExamplesTests */,
				CAB68ABF1982B60600916EE2 /* Frameworks */,
				CAB68ABE1982B60600916EE2 /* Products */,
			);
			sourceTree = "<group>";
		};
		CAB68ABE1982B60600916EE2 /* Products */ = {
			isa = PBXGroup;
			children = (
				CAB68ABD1982B60600916EE2 /* RACSupportExamples.app */,
				CAB68ADE1982B60600916EE2 /* RACSupportExamplesTests.xctest */,
			);
			name = Products;
			sourceTree = "<group>";
		};
		CAB68ABF1982B60600916EE2 /* Frameworks */ = {
			isa = PBXGroup;
			children = (
				CAB68AC01982B60600916EE2 /* Foundation.framework */,
				CAB68AC21982B60600916EE2 /* CoreGraphics.framework */,
				CAB68AC41982B60600916EE2 /* UIKit.framework */,
				CAB68ADF1982B60600916EE2 /* XCTest.framework */,
			);
			name = Frameworks;
			sourceTree = "<group>";
		};
		CAB68AC61982B60600916EE2 /* RACSupportExamples */ = {
			isa = PBXGroup;
			children = (
				CAB68ACF1982B60600916EE2 /* RCSAppDelegate.h */,
				CAB68AD01982B60600916EE2 /* RCSAppDelegate.m */,
				CAB68AD21982B60600916EE2 /* Main.storyboard */,
				CAB68AD51982B60600916EE2 /* RCSViewController.h */,
				CAB68AD61982B60600916EE2 /* RCSViewController.m */,
				CAB68AD81982B60600916EE2 /* Images.xcassets */,
				CAB68AC71982B60600916EE2 /* Supporting Files */,
			);
			path = RACSupportExamples;
			sourceTree = "<group>";
		};
		CAB68AC71982B60600916EE2 /* Supporting Files */ = {
			isa = PBXGroup;
			children = (
				CAB68AC81982B60600916EE2 /* RACSupportExamples-Info.plist */,
				CAB68AC91982B60600916EE2 /* InfoPlist.strings */,
				CAB68ACC1982B60600916EE2 /* main.m */,
				CAB68ACE1982B60600916EE2 /* RACSupportExamples-Prefix.pch */,
			);
			name = "Supporting Files";
			sourceTree = "<group>";
		};
		CAB68AE51982B60600916EE2 /* RACSupportExamplesTests */ = {
			isa = PBXGroup;
			children = (
				CAB68AEB1982B60600916EE2 /* RACSupportExamplesTests.m */,
				CAB68AE61982B60600916EE2 /* Supporting Files */,
			);
			path = RACSupportExamplesTests;
			sourceTree = "<group>";
		};
		CAB68AE61982B60600916EE2 /* Supporting Files */ = {
			isa = PBXGroup;
			children = (
				CAB68AE71982B60600916EE2 /* RACSupportExamplesTests-Info.plist */,
				CAB68AE81982B60600916EE2 /* InfoPlist.strings */,
			);
			name = "Supporting Files";
			sourceTree = "<group>";
		};
/* End PBXGroup section */

/* Begin PBXNativeTarget section */
		CAB68ABC1982B60600916EE2 /* RACSupportExamples */ = {
			isa = PBXNativeTarget;
			buildConfigurationList = CAB68AEF1982B60600916EE2 /* Build configuration list for PBXNativeTarget "RACSupportExamples" */;
			buildPhases = (
				CAB68AB91982B60600916EE2 /* Sources */,
				CAB68ABA1982B60600916EE2 /* Frameworks */,
				CAB68ABB1982B60600916EE2 /* Resources */,
			);
			buildRules = (
			);
			dependencies = (
			);
			name = RACSupportExamples;
			productName = RACSupportExamples;
			productReference = CAB68ABD1982B60600916EE2 /* RACSupportExamples.app */;
			productType = "com.apple.product-type.application";
		};
		CAB68ADD1982B60600916EE2 /* RACSupportExamplesTests */ = {
			isa = PBXNativeTarget;
			buildConfigurationList = CAB68AF21982B60600916EE2 /* Build configuration list for PBXNativeTarget "RACSupportExamplesTests" */;
			buildPhases = (
				CAB68ADA1982B60600916EE2 /* Sources */,
				CAB68ADB1982B60600916EE2 /* Frameworks */,
				CAB68ADC1982B60600916EE2 /* Resources */,
			);
			buildRules = (
			);
			dependencies = (
				CAB68AE41982B60600916EE2 /* PBXTargetDependency */,
			);
			name = RACSupportExamplesTests;
			productName = RACSupportExamplesTests;
			productReference = CAB68ADE1982B60600916EE2 /* RACSupportExamplesTests.xctest */;
			productType = "com.apple.product-type.bundle.unit-test";
		};
/* End PBXNativeTarget section */

/* Begin PBXProject section */
		CAB68AB51982B60600916EE2 /* Project object */ = {
			isa = PBXProject;
			attributes = {
				CLASSPREFIX = RCS;
				LastUpgradeCheck = 0510;
				ORGANIZATIONNAME = "freee K.K";
				TargetAttributes = {
					CAB68ADD1982B60600916EE2 = {
						TestTargetID = CAB68ABC1982B60600916EE2;
					};
				};
			};
			buildConfigurationList = CAB68AB81982B60600916EE2 /* Build configuration list for PBXProject "RACSupportExamples" */;
			compatibilityVersion = "Xcode 3.2";
			developmentRegion = English;
			hasScannedForEncodings = 0;
			knownRegions = (
				en,
				Base,
			);
			mainGroup = CAB68AB41982B60600916EE2;
			productRefGroup = CAB68ABE1982B60600916EE2 /* Products */;
			projectDirPath = "";
			projectRoot = "";
			targets = (
				CAB68ABC1982B60600916EE2 /* RACSupportExamples */,
				CAB68ADD1982B60600916EE2 /* RACSupportExamplesTests */,
			);
		};
/* End PBXProject section */

/* Begin PBXResourcesBuildPhase section */
		CAB68ABB1982B60600916EE2 /* Resources */ = {
			isa = PBXResourcesBuildPhase;
			buildActionMask = 2147483647;
			files = (
				CAB68AD91982B60600916EE2 /* Images.xcassets in Resources */,
				CAB68ACB1982B60600916EE2 /* InfoPlist.strings in Resources */,
				CAB68AD41982B60600916EE2 /* Main.storyboard in Resources */,
			);
			runOnlyForDeploymentPostprocessing = 0;
		};
		CAB68ADC1982B60600916EE2 /* Resources */ = {
			isa = PBXResourcesBuildPhase;
			buildActionMask = 2147483647;
			files = (
				CAB68AEA1982B60600916EE2 /* InfoPlist.strings in Resources */,
			);
			runOnlyForDeploymentPostprocessing = 0;
		};
/* End PBXResourcesBuildPhase section */

/* Begin PBXSourcesBuildPhase section */
		CAB68AB91982B60600916EE2 /* Sources */ = {
			isa = PBXSourcesBuildPhase;
			buildActionMask = 2147483647;
			files = (
				CAB68AD71982B60600916EE2 /* RCSViewController.m in Sources */,
				CAB68ACD1982B60600916EE2 /* main.m in Sources */,
				CAB68AD11982B60600916EE2 /* RCSAppDelegate.m in Sources */,
			);
			runOnlyForDeploymentPostprocessing = 0;
		};
		CAB68ADA1982B60600916EE2 /* Sources */ = {
			isa = PBXSourcesBuildPhase;
			buildActionMask = 2147483647;
			files = (
				CAB68AEC1982B60600916EE2 /* RACSupportExamplesTests.m in Sources */,
			);
			runOnlyForDeploymentPostprocessing = 0;
		};
/* End PBXSourcesBuildPhase section */

/* Begin PBXTargetDependency section */
		CAB68AE41982B60600916EE2 /* PBXTargetDependency */ = {
			isa = PBXTargetDependency;
			target = CAB68ABC1982B60600916EE2 /* RACSupportExamples */;
			targetProxy = CAB68AE31982B60600916EE2 /* PBXContainerItemProxy */;
		};
/* End PBXTargetDependency section */

/* Begin PBXVariantGroup section */
		CAB68AC91982B60600916EE2 /* InfoPlist.strings */ = {
			isa = PBXVariantGroup;
			children = (
				CAB68ACA1982B60600916EE2 /* en */,
			);
			name = InfoPlist.strings;
			sourceTree = "<group>";
		};
		CAB68AD21982B60600916EE2 /* Main.storyboard */ = {
			isa = PBXVariantGroup;
			children = (
				CAB68AD31982B60600916EE2 /* Base */,
			);
			name = Main.storyboard;
			sourceTree = "<group>";
		};
		CAB68AE81982B60600916EE2 /* InfoPlist.strings */ = {
			isa = PBXVariantGroup;
			children = (
				CAB68AE91982B60600916EE2 /* en */,
			);
			name = InfoPlist.strings;
			sourceTree = "<group>";
		};
/* End PBXVariantGroup section */

/* Begin XCBuildConfiguration section */
		CAB68AED1982B60600916EE2 /* Debug */ = {
			isa = XCBuildConfiguration;
			buildSettings = {
				ALWAYS_SEARCH_USER_PATHS = NO;
				CLANG_CXX_LANGUAGE_STANDARD = "gnu++0x";
				CLANG_CXX_LIBRARY = "libc++";
				CLANG_ENABLE_MODULES = YES;
				CLANG_ENABLE_OBJC_ARC = YES;
				CLANG_WARN_BOOL_CONVERSION = YES;
				CLANG_WARN_CONSTANT_CONVERSION = YES;
				CLANG_WARN_DIRECT_OBJC_ISA_USAGE = YES_ERROR;
				CLANG_WARN_EMPTY_BODY = YES;
				CLANG_WARN_ENUM_CONVERSION = YES;
				CLANG_WARN_INT_CONVERSION = YES;
				CLANG_WARN_OBJC_ROOT_CLASS = YES_ERROR;
				CLANG_WARN__DUPLICATE_METHOD_MATCH = YES;
				"CODE_SIGN_IDENTITY[sdk=iphoneos*]" = "iPhone Developer";
				COPY_PHASE_STRIP = NO;
				GCC_C_LANGUAGE_STANDARD = gnu99;
				GCC_DYNAMIC_NO_PIC = NO;
				GCC_OPTIMIZATION_LEVEL = 0;
				GCC_PREPROCESSOR_DEFINITIONS = (
					"DEBUG=1",
					"$(inherited)",
				);
				GCC_SYMBOLS_PRIVATE_EXTERN = NO;
				GCC_WARN_64_TO_32_BIT_CONVERSION = YES;
				GCC_WARN_ABOUT_RETURN_TYPE = YES_ERROR;
				GCC_WARN_UNDECLARED_SELECTOR = YES;
				GCC_WARN_UNINITIALIZED_AUTOS = YES_AGGRESSIVE;
				GCC_WARN_UNUSED_FUNCTION = YES;
				GCC_WARN_UNUSED_VARIABLE = YES;
				IPHONEOS_DEPLOYMENT_TARGET = 7.1;
				ONLY_ACTIVE_ARCH = YES;
				SDKROOT = iphoneos;
			};
			name = Debug;
		};
		CAB68AEE1982B60600916EE2 /* Release */ = {
			isa = XCBuildConfiguration;
			buildSettings = {
				ALWAYS_SEARCH_USER_PATHS = NO;
				CLANG_CXX_LANGUAGE_STANDARD = "gnu++0x";
				CLANG_CXX_LIBRARY = "libc++";
				CLANG_ENABLE_MODULES = YES;
				CLANG_ENABLE_OBJC_ARC = YES;
				CLANG_WARN_BOOL_CONVERSION = YES;
				CLANG_WARN_CONSTANT_CONVERSION = YES;
				CLANG_WARN_DIRECT_OBJC_ISA_USAGE = YES_ERROR;
				CLANG_WARN_EMPTY_BODY = YES;
				CLANG_WARN_ENUM_CONVERSION = YES;
				CLANG_WARN_INT_CONVERSION = YES;
				CLANG_WARN_OBJC_ROOT_CLASS = YES_ERROR;
				CLANG_WARN__DUPLICATE_METHOD_MATCH = YES;
				"CODE_SIGN_IDENTITY[sdk=iphoneos*]" = "iPhone Developer";
				COPY_PHASE_STRIP = YES;
				ENABLE_NS_ASSERTIONS = NO;
				GCC_C_LANGUAGE_STANDARD = gnu99;
				GCC_WARN_64_TO_32_BIT_CONVERSION = YES;
				GCC_WARN_ABOUT_RETURN_TYPE = YES_ERROR;
				GCC_WARN_UNDECLARED_SELECTOR = YES;
				GCC_WARN_UNINITIALIZED_AUTOS = YES_AGGRESSIVE;
				GCC_WARN_UNUSED_FUNCTION = YES;
				GCC_WARN_UNUSED_VARIABLE = YES;
				IPHONEOS_DEPLOYMENT_TARGET = 7.1;
				SDKROOT = iphoneos;
				VALIDATE_PRODUCT = YES;
			};
			name = Release;
		};
		CAB68AF01982B60600916EE2 /* Debug */ = {
			isa = XCBuildConfiguration;
			buildSettings = {
				ASSETCATALOG_COMPILER_APPICON_NAME = AppIcon;
				ASSETCATALOG_COMPILER_LAUNCHIMAGE_NAME = LaunchImage;
				GCC_PRECOMPILE_PREFIX_HEADER = YES;
				GCC_PREFIX_HEADER = "RACSupportExamples/RACSupportExamples-Prefix.pch";
				INFOPLIST_FILE = "RACSupportExamples/RACSupportExamples-Info.plist";
				PRODUCT_NAME = "$(TARGET_NAME)";
				WRAPPER_EXTENSION = app;
			};
			name = Debug;
		};
		CAB68AF11982B60600916EE2 /* Release */ = {
			isa = XCBuildConfiguration;
			buildSettings = {
				ASSETCATALOG_COMPILER_APPICON_NAME = AppIcon;
				ASSETCATALOG_COMPILER_LAUNCHIMAGE_NAME = LaunchImage;
				GCC_PRECOMPILE_PREFIX_HEADER = YES;
				GCC_PREFIX_HEADER = "RACSupportExamples/RACSupportExamples-Prefix.pch";
				INFOPLIST_FILE = "RACSupportExamples/RACSupportExamples-Info.plist";
				PRODUCT_NAME = "$(TARGET_NAME)";
				WRAPPER_EXTENSION = app;
			};
			name = Release;
		};
		CAB68AF31982B60600916EE2 /* Debug */ = {
			isa = XCBuildConfiguration;
			buildSettings = {
				BUNDLE_LOADER = "$(BUILT_PRODUCTS_DIR)/RACSupportExamples.app/RACSupportExamples";
				FRAMEWORK_SEARCH_PATHS = (
					"$(SDKROOT)/Developer/Library/Frameworks",
					"$(inherited)",
					"$(DEVELOPER_FRAMEWORKS_DIR)",
				);
				GCC_PRECOMPILE_PREFIX_HEADER = YES;
				GCC_PREFIX_HEADER = "RACSupportExamples/RACSupportExamples-Prefix.pch";
				GCC_PREPROCESSOR_DEFINITIONS = (
					"DEBUG=1",
					"$(inherited)",
				);
				INFOPLIST_FILE = "RACSupportExamplesTests/RACSupportExamplesTests-Info.plist";
				PRODUCT_NAME = "$(TARGET_NAME)";
				TEST_HOST = "$(BUNDLE_LOADER)";
				WRAPPER_EXTENSION = xctest;
			};
			name = Debug;
		};
		CAB68AF41982B60600916EE2 /* Release */ = {
			isa = XCBuildConfiguration;
			buildSettings = {
				BUNDLE_LOADER = "$(BUILT_PRODUCTS_DIR)/RACSupportExamples.app/RACSupportExamples";
				FRAMEWORK_SEARCH_PATHS = (
					"$(SDKROOT)/Developer/Library/Frameworks",
					"$(inherited)",
					"$(DEVELOPER_FRAMEWORKS_DIR)",
				);
				GCC_PRECOMPILE_PREFIX_HEADER = YES;
				GCC_PREFIX_HEADER = "RACSupportExamples/RACSupportExamples-Prefix.pch";
				INFOPLIST_FILE = "RACSupportExamplesTests/RACSupportExamplesTests-Info.plist";
				PRODUCT_NAME = "$(TARGET_NAME)";
				TEST_HOST = "$(BUNDLE_LOADER)";
				WRAPPER_EXTENSION = xctest;
			};
			name = Release;
		};
/* End XCBuildConfiguration section */

/* Begin XCConfigurationList section */
		CAB68AB81982B60600916EE2 /* Build configuration list for PBXProject "RACSupportExamples" */ = {
			isa = XCConfigurationList;
			buildConfigurations = (
				CAB68AED1982B60600916EE2 /* Debug */,
				CAB68AEE1982B60600916EE2 /* Release */,
			);
			defaultConfigurationIsVisible = 0;
			defaultConfigurationName = Release;
		};
		CAB68AEF1982B60600916EE2 /* Build configuration list for PBXNativeTarget "RACSupportExamples" */ = {
			isa = XCConfigurationList;
			buildConfigurations = (
				CAB68AF01982B60600916EE2 /* Debug */,
				CAB68AF11982B60600916EE2 /* Release */,
			);
			defaultConfigurationIsVisible = 0;
		};
		CAB68AF21982B60600916EE2 /* Build configuration list for PBXNativeTarget "RACSupportExamplesTests" */ = {
			isa = XCConfigurationList;
			buildConfigurations = (
				CAB68AF31982B60600916EE2 /* Debug */,
				CAB68AF41982B60600916EE2 /* Release */,
			);
			defaultConfigurationIsVisible = 0;
		};
/* End XCConfigurationList section */
	};
	rootObject = CAB68AB51982B60600916EE2 /* Project object */;
}
